// !$*UTF8*$!
{
	archiveVersion = 1;
	classes = {
	};
	objectVersion = 51;
	objects = {

/* Begin PBXBuildFile section */
		A116FED42646EC8D0034269D /* FormField.xib in Resources */ = {isa = PBXBuildFile; fileRef = A116FED32646EC8D0034269D /* FormField.xib */; };
		A116FED72646EE8A0034269D /* FormField.swift in Sources */ = {isa = PBXBuildFile; fileRef = A116FED62646EE8A0034269D /* FormField.swift */; };
		A138DFCA2645386300B4A55C /* RoundedCorners.swift in Sources */ = {isa = PBXBuildFile; fileRef = A138DFC92645386300B4A55C /* RoundedCorners.swift */; };
		A1BBA8CA2643ECC8009382AB /* AppDelegate.swift in Sources */ = {isa = PBXBuildFile; fileRef = A1BBA8C92643ECC8009382AB /* AppDelegate.swift */; };
		A1BBA8CC2643ECC8009382AB /* SceneDelegate.swift in Sources */ = {isa = PBXBuildFile; fileRef = A1BBA8CB2643ECC8009382AB /* SceneDelegate.swift */; };
		A1BBA8CE2643ECC8009382AB /* WelcomeViewController.swift in Sources */ = {isa = PBXBuildFile; fileRef = A1BBA8CD2643ECC8009382AB /* WelcomeViewController.swift */; };
		A1BBA8D12643ECC8009382AB /* Main.storyboard in Resources */ = {isa = PBXBuildFile; fileRef = A1BBA8CF2643ECC8009382AB /* Main.storyboard */; };
		A1BBA8D32643ECC9009382AB /* Assets.xcassets in Resources */ = {isa = PBXBuildFile; fileRef = A1BBA8D22643ECC9009382AB /* Assets.xcassets */; };
		A1BBA8D62643ECC9009382AB /* LaunchScreen.storyboard in Resources */ = {isa = PBXBuildFile; fileRef = A1BBA8D42643ECC9009382AB /* LaunchScreen.storyboard */; };
		A1BBA8EB264401CE009382AB /* LoginViewController.swift in Sources */ = {isa = PBXBuildFile; fileRef = A1BBA8EA264401CE009382AB /* LoginViewController.swift */; };
		A1BBA8EE264401EB009382AB /* SignUpViewController.swift in Sources */ = {isa = PBXBuildFile; fileRef = A1BBA8ED264401EB009382AB /* SignUpViewController.swift */; };
		CCBB8108CF6897B4CB6A6F7A /* Pods_Dares.framework in Frameworks */ = {isa = PBXBuildFile; fileRef = C2A72AEE6A78D38328827B7A /* Pods_Dares.framework */; };
/* End PBXBuildFile section */

/* Begin PBXFileReference section */
		7EDA3CF5A9E999012F0D2900 /* Pods-Dares.release.xcconfig */ = {isa = PBXFileReference; includeInIndex = 1; lastKnownFileType = text.xcconfig; name = "Pods-Dares.release.xcconfig"; path = "Target Support Files/Pods-Dares/Pods-Dares.release.xcconfig"; sourceTree = "<group>"; };
		A116FED32646EC8D0034269D /* FormField.xib */ = {isa = PBXFileReference; lastKnownFileType = file.xib; path = FormField.xib; sourceTree = "<group>"; };
		A116FED62646EE8A0034269D /* FormField.swift */ = {isa = PBXFileReference; lastKnownFileType = sourcecode.swift; path = FormField.swift; sourceTree = "<group>"; };
		A138DFC92645386300B4A55C /* RoundedCorners.swift */ = {isa = PBXFileReference; lastKnownFileType = sourcecode.swift; path = RoundedCorners.swift; sourceTree = "<group>"; };
		A1BBA8C62643ECC8009382AB /* Dares.app */ = {isa = PBXFileReference; explicitFileType = wrapper.application; includeInIndex = 0; path = Dares.app; sourceTree = BUILT_PRODUCTS_DIR; };
		A1BBA8C92643ECC8009382AB /* AppDelegate.swift */ = {isa = PBXFileReference; lastKnownFileType = sourcecode.swift; path = AppDelegate.swift; sourceTree = "<group>"; };
		A1BBA8CB2643ECC8009382AB /* SceneDelegate.swift */ = {isa = PBXFileReference; lastKnownFileType = sourcecode.swift; path = SceneDelegate.swift; sourceTree = "<group>"; };
		A1BBA8CD2643ECC8009382AB /* WelcomeViewController.swift */ = {isa = PBXFileReference; lastKnownFileType = sourcecode.swift; path = WelcomeViewController.swift; sourceTree = "<group>"; };
		A1BBA8D02643ECC8009382AB /* Base */ = {isa = PBXFileReference; lastKnownFileType = file.storyboard; name = Base; path = Base.lproj/Main.storyboard; sourceTree = "<group>"; };
		A1BBA8D22643ECC9009382AB /* Assets.xcassets */ = {isa = PBXFileReference; lastKnownFileType = folder.assetcatalog; path = Assets.xcassets; sourceTree = "<group>"; };
		A1BBA8D52643ECC9009382AB /* Base */ = {isa = PBXFileReference; lastKnownFileType = file.storyboard; name = Base; path = Base.lproj/LaunchScreen.storyboard; sourceTree = "<group>"; };
		A1BBA8D72643ECC9009382AB /* Info.plist */ = {isa = PBXFileReference; lastKnownFileType = text.plist.xml; path = Info.plist; sourceTree = "<group>"; };
		A1BBA8EA264401CE009382AB /* LoginViewController.swift */ = {isa = PBXFileReference; lastKnownFileType = sourcecode.swift; path = LoginViewController.swift; sourceTree = "<group>"; };
		A1BBA8ED264401EB009382AB /* SignUpViewController.swift */ = {isa = PBXFileReference; lastKnownFileType = sourcecode.swift; path = SignUpViewController.swift; sourceTree = "<group>"; };
		C2A72AEE6A78D38328827B7A /* Pods_Dares.framework */ = {isa = PBXFileReference; explicitFileType = wrapper.framework; includeInIndex = 0; path = Pods_Dares.framework; sourceTree = BUILT_PRODUCTS_DIR; };
		D32BEAB6073B2C1DB8E9A944 /* Pods-Dares.debug.xcconfig */ = {isa = PBXFileReference; includeInIndex = 1; lastKnownFileType = text.xcconfig; name = "Pods-Dares.debug.xcconfig"; path = "Target Support Files/Pods-Dares/Pods-Dares.debug.xcconfig"; sourceTree = "<group>"; };
/* End PBXFileReference section */

/* Begin PBXFrameworksBuildPhase section */
		A1BBA8C32643ECC8009382AB /* Frameworks */ = {
			isa = PBXFrameworksBuildPhase;
			buildActionMask = 2147483647;
			files = (
				CCBB8108CF6897B4CB6A6F7A /* Pods_Dares.framework in Frameworks */,
			);
			runOnlyForDeploymentPostprocessing = 0;
		};
/* End PBXFrameworksBuildPhase section */

/* Begin PBXGroup section */
		81901A53249CDB96292E0442 /* Frameworks */ = {
			isa = PBXGroup;
			children = (
				C2A72AEE6A78D38328827B7A /* Pods_Dares.framework */,
			);
			name = Frameworks;
			sourceTree = "<group>";
		};
		9CA200AD1340506B39E0C2BC /* Pods */ = {
			isa = PBXGroup;
			children = (
				D32BEAB6073B2C1DB8E9A944 /* Pods-Dares.debug.xcconfig */,
				7EDA3CF5A9E999012F0D2900 /* Pods-Dares.release.xcconfig */,
			);
			path = Pods;
			sourceTree = "<group>";
		};
		A1BBA8BD2643ECC8009382AB = {
			isa = PBXGroup;
			children = (
				A1BBA8C82643ECC8009382AB /* Dares */,
				A1BBA8C72643ECC8009382AB /* Products */,
				9CA200AD1340506B39E0C2BC /* Pods */,
				81901A53249CDB96292E0442 /* Frameworks */,
			);
			sourceTree = "<group>";
		};
		A1BBA8C72643ECC8009382AB /* Products */ = {
			isa = PBXGroup;
			children = (
				A1BBA8C62643ECC8009382AB /* Dares.app */,
			);
			name = Products;
			sourceTree = "<group>";
		};
		A1BBA8C82643ECC8009382AB /* Dares */ = {
			isa = PBXGroup;
			children = (
				A1BBA8C92643ECC8009382AB /* AppDelegate.swift */,
				A1BBA8CB2643ECC8009382AB /* SceneDelegate.swift */,
				A1BBA8E326440059009382AB /* Controller */,
				A1BBA8E22644004F009382AB /* View */,
				A1BBA8D22643ECC9009382AB /* Assets.xcassets */,
				A1BBA8D42643ECC9009382AB /* LaunchScreen.storyboard */,
				A1BBA8D72643ECC9009382AB /* Info.plist */,
			);
			path = Dares;
			sourceTree = "<group>";
		};
		A1BBA8E22644004F009382AB /* View */ = {
			isa = PBXGroup;
			children = (
				A1BBA8CF2643ECC8009382AB /* Main.storyboard */,
				A138DFC92645386300B4A55C /* RoundedCorners.swift */,
				A116FED32646EC8D0034269D /* FormField.xib */,
				A116FED62646EE8A0034269D /* FormField.swift */,
			);
			path = View;
			sourceTree = "<group>";
		};
		A1BBA8E326440059009382AB /* Controller */ = {
			isa = PBXGroup;
			children = (
				A1BBA8CD2643ECC8009382AB /* WelcomeViewController.swift */,
				A1BBA8EA264401CE009382AB /* LoginViewController.swift */,
				A1BBA8ED264401EB009382AB /* SignUpViewController.swift */,
			);
			path = Controller;
			sourceTree = "<group>";
		};
/* End PBXGroup section */

/* Begin PBXNativeTarget section */
		A1BBA8C52643ECC8009382AB /* Dares */ = {
			isa = PBXNativeTarget;
			buildConfigurationList = A1BBA8DA2643ECC9009382AB /* Build configuration list for PBXNativeTarget "Dares" */;
			buildPhases = (
				A40C9ACA091A45441F08C766 /* [CP] Check Pods Manifest.lock */,
				A1BBA8C22643ECC8009382AB /* Sources */,
				A1BBA8C32643ECC8009382AB /* Frameworks */,
				A1BBA8C42643ECC8009382AB /* Resources */,
				5E1E2571E0CFBA73B1DC69D4 /* [CP] Embed Pods Frameworks */,
			);
			buildRules = (
			);
			dependencies = (
			);
			name = Dares;
			productName = Dares;
			productReference = A1BBA8C62643ECC8009382AB /* Dares.app */;
			productType = "com.apple.product-type.application";
		};
/* End PBXNativeTarget section */

/* Begin PBXProject section */
		A1BBA8BE2643ECC8009382AB /* Project object */ = {
			isa = PBXProject;
			attributes = {
				LastSwiftUpdateCheck = 1200;
				LastUpgradeCheck = 1200;
				TargetAttributes = {
					A1BBA8C52643ECC8009382AB = {
						CreatedOnToolsVersion = 12.0;
					};
				};
			};
			buildConfigurationList = A1BBA8C12643ECC8009382AB /* Build configuration list for PBXProject "Dares" */;
			compatibilityVersion = "Xcode 9.3";
			developmentRegion = en;
			hasScannedForEncodings = 0;
			knownRegions = (
				en,
				Base,
			);
			mainGroup = A1BBA8BD2643ECC8009382AB;
			productRefGroup = A1BBA8C72643ECC8009382AB /* Products */;
			projectDirPath = "";
			projectRoot = "";
			targets = (
				A1BBA8C52643ECC8009382AB /* Dares */,
			);
		};
/* End PBXProject section */

/* Begin PBXResourcesBuildPhase section */
		A1BBA8C42643ECC8009382AB /* Resources */ = {
			isa = PBXResourcesBuildPhase;
			buildActionMask = 2147483647;
			files = (
				A1BBA8D62643ECC9009382AB /* LaunchScreen.storyboard in Resources */,
				A1BBA8D32643ECC9009382AB /* Assets.xcassets in Resources */,
				A116FED42646EC8D0034269D /* FormField.xib in Resources */,
				A1BBA8D12643ECC8009382AB /* Main.storyboard in Resources */,
			);
			runOnlyForDeploymentPostprocessing = 0;
		};
/* End PBXResourcesBuildPhase section */

/* Begin PBXShellScriptBuildPhase section */
		5E1E2571E0CFBA73B1DC69D4 /* [CP] Embed Pods Frameworks */ = {
			isa = PBXShellScriptBuildPhase;
			buildActionMask = 2147483647;
			files = (
			);
			inputFileListPaths = (
				"${PODS_ROOT}/Target Support Files/Pods-Dares/Pods-Dares-frameworks-${CONFIGURATION}-input-files.xcfilelist",
			);
			name = "[CP] Embed Pods Frameworks";
			outputFileListPaths = (
				"${PODS_ROOT}/Target Support Files/Pods-Dares/Pods-Dares-frameworks-${CONFIGURATION}-output-files.xcfilelist",
			);
			runOnlyForDeploymentPostprocessing = 0;
			shellPath = /bin/sh;
			shellScript = "\"${PODS_ROOT}/Target Support Files/Pods-Dares/Pods-Dares-frameworks.sh\"\n";
			showEnvVarsInLog = 0;
		};
		A40C9ACA091A45441F08C766 /* [CP] Check Pods Manifest.lock */ = {
			isa = PBXShellScriptBuildPhase;
			buildActionMask = 2147483647;
			files = (
			);
			inputFileListPaths = (
			);
			inputPaths = (
				"${PODS_PODFILE_DIR_PATH}/Podfile.lock",
				"${PODS_ROOT}/Manifest.lock",
			);
			name = "[CP] Check Pods Manifest.lock";
			outputFileListPaths = (
			);
			outputPaths = (
				"$(DERIVED_FILE_DIR)/Pods-Dares-checkManifestLockResult.txt",
			);
			runOnlyForDeploymentPostprocessing = 0;
			shellPath = /bin/sh;
			shellScript = "diff \"${PODS_PODFILE_DIR_PATH}/Podfile.lock\" \"${PODS_ROOT}/Manifest.lock\" > /dev/null\nif [ $? != 0 ] ; then\n    # print error to STDERR\n    echo \"error: The sandbox is not in sync with the Podfile.lock. Run 'pod install' or update your CocoaPods installation.\" >&2\n    exit 1\nfi\n# This output is used by Xcode 'outputs' to avoid re-running this script phase.\necho \"SUCCESS\" > \"${SCRIPT_OUTPUT_FILE_0}\"\n";
			showEnvVarsInLog = 0;
		};
/* End PBXShellScriptBuildPhase section */

/* Begin PBXSourcesBuildPhase section */
		A1BBA8C22643ECC8009382AB /* Sources */ = {
			isa = PBXSourcesBuildPhase;
			buildActionMask = 2147483647;
			files = (
				A116FED72646EE8A0034269D /* FormField.swift in Sources */,
				A1BBA8EB264401CE009382AB /* LoginViewController.swift in Sources */,
				A1BBA8CE2643ECC8009382AB /* WelcomeViewController.swift in Sources */,
				A1BBA8CA2643ECC8009382AB /* AppDelegate.swift in Sources */,
				A1BBA8CC2643ECC8009382AB /* SceneDelegate.swift in Sources */,
				A138DFCA2645386300B4A55C /* RoundedCorners.swift in Sources */,
				A1BBA8EE264401EB009382AB /* SignUpViewController.swift in Sources */,
			);
			runOnlyForDeploymentPostprocessing = 0;
		};
/* End PBXSourcesBuildPhase section */

/* Begin PBXVariantGroup section */
		A1BBA8CF2643ECC8009382AB /* Main.storyboard */ = {
			isa = PBXVariantGroup;
			children = (
				A1BBA8D02643ECC8009382AB /* Base */,
			);
			name = Main.storyboard;
			sourceTree = "<group>";
		};
		A1BBA8D42643ECC9009382AB /* LaunchScreen.storyboard */ = {
			isa = PBXVariantGroup;
			children = (
				A1BBA8D52643ECC9009382AB /* Base */,
			);
			name = LaunchScreen.storyboard;
			sourceTree = "<group>";
		};
/* End PBXVariantGroup section */

/* Begin XCBuildConfiguration section */
		A1BBA8D82643ECC9009382AB /* Debug */ = {
			isa = XCBuildConfiguration;
			buildSettings = {
				ALWAYS_SEARCH_USER_PATHS = NO;
				CLANG_ANALYZER_NONNULL = YES;
				CLANG_ANALYZER_NUMBER_OBJECT_CONVERSION = YES_AGGRESSIVE;
				CLANG_CXX_LANGUAGE_STANDARD = "gnu++14";
				CLANG_CXX_LIBRARY = "libc++";
				CLANG_ENABLE_MODULES = YES;
				CLANG_ENABLE_OBJC_ARC = YES;
				CLANG_ENABLE_OBJC_WEAK = YES;
				CLANG_WARN_BLOCK_CAPTURE_AUTORELEASING = YES;
				CLANG_WARN_BOOL_CONVERSION = YES;
				CLANG_WARN_COMMA = YES;
				CLANG_WARN_CONSTANT_CONVERSION = YES;
				CLANG_WARN_DEPRECATED_OBJC_IMPLEMENTATIONS = YES;
				CLANG_WARN_DIRECT_OBJC_ISA_USAGE = YES_ERROR;
				CLANG_WARN_DOCUMENTATION_COMMENTS = YES;
				CLANG_WARN_EMPTY_BODY = YES;
				CLANG_WARN_ENUM_CONVERSION = YES;
				CLANG_WARN_INFINITE_RECURSION = YES;
				CLANG_WARN_INT_CONVERSION = YES;
				CLANG_WARN_NON_LITERAL_NULL_CONVERSION = YES;
				CLANG_WARN_OBJC_IMPLICIT_RETAIN_SELF = YES;
				CLANG_WARN_OBJC_LITERAL_CONVERSION = YES;
				CLANG_WARN_OBJC_ROOT_CLASS = YES_ERROR;
				CLANG_WARN_QUOTED_INCLUDE_IN_FRAMEWORK_HEADER = YES;
				CLANG_WARN_RANGE_LOOP_ANALYSIS = YES;
				CLANG_WARN_STRICT_PROTOTYPES = YES;
				CLANG_WARN_SUSPICIOUS_MOVE = YES;
				CLANG_WARN_UNGUARDED_AVAILABILITY = YES_AGGRESSIVE;
				CLANG_WARN_UNREACHABLE_CODE = YES;
				CLANG_WARN__DUPLICATE_METHOD_MATCH = YES;
				COPY_PHASE_STRIP = NO;
				DEBUG_INFORMATION_FORMAT = dwarf;
				ENABLE_STRICT_OBJC_MSGSEND = YES;
				ENABLE_TESTABILITY = YES;
				GCC_C_LANGUAGE_STANDARD = gnu11;
				GCC_DYNAMIC_NO_PIC = NO;
				GCC_NO_COMMON_BLOCKS = YES;
				GCC_OPTIMIZATION_LEVEL = 0;
				GCC_PREPROCESSOR_DEFINITIONS = (
					"DEBUG=1",
					"$(inherited)",
				);
				GCC_WARN_64_TO_32_BIT_CONVERSION = YES;
				GCC_WARN_ABOUT_RETURN_TYPE = YES_ERROR;
				GCC_WARN_UNDECLARED_SELECTOR = YES;
				GCC_WARN_UNINITIALIZED_AUTOS = YES_AGGRESSIVE;
				GCC_WARN_UNUSED_FUNCTION = YES;
				GCC_WARN_UNUSED_VARIABLE = YES;
				IPHONEOS_DEPLOYMENT_TARGET = 14.0;
				MTL_ENABLE_DEBUG_INFO = INCLUDE_SOURCE;
				MTL_FAST_MATH = YES;
				ONLY_ACTIVE_ARCH = YES;
				SDKROOT = iphoneos;
				SWIFT_ACTIVE_COMPILATION_CONDITIONS = DEBUG;
				SWIFT_OPTIMIZATION_LEVEL = "-Onone";
			};
			name = Debug;
		};
		A1BBA8D92643ECC9009382AB /* Release */ = {
			isa = XCBuildConfiguration;
			buildSettings = {
				ALWAYS_SEARCH_USER_PATHS = NO;
				CLANG_ANALYZER_NONNULL = YES;
				CLANG_ANALYZER_NUMBER_OBJECT_CONVERSION = YES_AGGRESSIVE;
				CLANG_CXX_LANGUAGE_STANDARD = "gnu++14";
				CLANG_CXX_LIBRARY = "libc++";
				CLANG_ENABLE_MODULES = YES;
				CLANG_ENABLE_OBJC_ARC = YES;
				CLANG_ENABLE_OBJC_WEAK = YES;
				CLANG_WARN_BLOCK_CAPTURE_AUTORELEASING = YES;
				CLANG_WARN_BOOL_CONVERSION = YES;
				CLANG_WARN_COMMA = YES;
				CLANG_WARN_CONSTANT_CONVERSION = YES;
				CLANG_WARN_DEPRECATED_OBJC_IMPLEMENTATIONS = YES;
				CLANG_WARN_DIRECT_OBJC_ISA_USAGE = YES_ERROR;
				CLANG_WARN_DOCUMENTATION_COMMENTS = YES;
				CLANG_WARN_EMPTY_BODY = YES;
				CLANG_WARN_ENUM_CONVERSION = YES;
				CLANG_WARN_INFINITE_RECURSION = YES;
				CLANG_WARN_INT_CONVERSION = YES;
				CLANG_WARN_NON_LITERAL_NULL_CONVERSION = YES;
				CLANG_WARN_OBJC_IMPLICIT_RETAIN_SELF = YES;
				CLANG_WARN_OBJC_LITERAL_CONVERSION = YES;
				CLANG_WARN_OBJC_ROOT_CLASS = YES_ERROR;
				CLANG_WARN_QUOTED_INCLUDE_IN_FRAMEWORK_HEADER = YES;
				CLANG_WARN_RANGE_LOOP_ANALYSIS = YES;
				CLANG_WARN_STRICT_PROTOTYPES = YES;
				CLANG_WARN_SUSPICIOUS_MOVE = YES;
				CLANG_WARN_UNGUARDED_AVAILABILITY = YES_AGGRESSIVE;
				CLANG_WARN_UNREACHABLE_CODE = YES;
				CLANG_WARN__DUPLICATE_METHOD_MATCH = YES;
				COPY_PHASE_STRIP = NO;
				DEBUG_INFORMATION_FORMAT = "dwarf-with-dsym";
				ENABLE_NS_ASSERTIONS = NO;
				ENABLE_STRICT_OBJC_MSGSEND = YES;
				GCC_C_LANGUAGE_STANDARD = gnu11;
				GCC_NO_COMMON_BLOCKS = YES;
				GCC_WARN_64_TO_32_BIT_CONVERSION = YES;
				GCC_WARN_ABOUT_RETURN_TYPE = YES_ERROR;
				GCC_WARN_UNDECLARED_SELECTOR = YES;
				GCC_WARN_UNINITIALIZED_AUTOS = YES_AGGRESSIVE;
				GCC_WARN_UNUSED_FUNCTION = YES;
				GCC_WARN_UNUSED_VARIABLE = YES;
				IPHONEOS_DEPLOYMENT_TARGET = 14.0;
				MTL_ENABLE_DEBUG_INFO = NO;
				MTL_FAST_MATH = YES;
				SDKROOT = iphoneos;
				SWIFT_COMPILATION_MODE = wholemodule;
				SWIFT_OPTIMIZATION_LEVEL = "-O";
				VALIDATE_PRODUCT = YES;
			};
			name = Release;
		};
		A1BBA8DB2643ECC9009382AB /* Debug */ = {
			isa = XCBuildConfiguration;
			baseConfigurationReference = D32BEAB6073B2C1DB8E9A944 /* Pods-Dares.debug.xcconfig */;
			buildSettings = {
				ASSETCATALOG_COMPILER_APPICON_NAME = AppIcon;
				ASSETCATALOG_COMPILER_GLOBAL_ACCENT_COLOR_NAME = AccentColor;
				CODE_SIGN_STYLE = Automatic;
				DEVELOPMENT_TEAM = C47M6LUM8V;
				INFOPLIST_FILE = Dares/Info.plist;
				LD_RUNPATH_SEARCH_PATHS = (
					"$(inherited)",
					"@executable_path/Frameworks",
				);
				PRODUCT_BUNDLE_IDENTIFIER = com.hafez.Dares;
				PRODUCT_NAME = "$(TARGET_NAME)";
				SWIFT_VERSION = 5.0;
				TARGETED_DEVICE_FAMILY = "1,2";
			};
			name = Debug;
		};
		A1BBA8DC2643ECC9009382AB /* Release */ = {
			isa = XCBuildConfiguration;
			baseConfigurationReference = 7EDA3CF5A9E999012F0D2900 /* Pods-Dares.release.xcconfig */;
			buildSettings = {
				ASSETCATALOG_COMPILER_APPICON_NAME = AppIcon;
				ASSETCATALOG_COMPILER_GLOBAL_ACCENT_COLOR_NAME = AccentColor;
				CODE_SIGN_STYLE = Automatic;
				DEVELOPMENT_TEAM = C47M6LUM8V;
				INFOPLIST_FILE = Dares/Info.plist;
				LD_RUNPATH_SEARCH_PATHS = (
					"$(inherited)",
					"@executable_path/Frameworks",
				);
				PRODUCT_BUNDLE_IDENTIFIER = com.hafez.Dares;
				PRODUCT_NAME = "$(TARGET_NAME)";
				SWIFT_VERSION = 5.0;
				TARGETED_DEVICE_FAMILY = "1,2";
			};
			name = Release;
		};
/* End XCBuildConfiguration section */

/* Begin XCConfigurationList section */
		A1BBA8C12643ECC8009382AB /* Build configuration list for PBXProject "Dares" */ = {
			isa = XCConfigurationList;
			buildConfigurations = (
				A1BBA8D82643ECC9009382AB /* Debug */,
				A1BBA8D92643ECC9009382AB /* Release */,
			);
			defaultConfigurationIsVisible = 0;
			defaultConfigurationName = Release;
		};
		A1BBA8DA2643ECC9009382AB /* Build configuration list for PBXNativeTarget "Dares" */ = {
			isa = XCConfigurationList;
			buildConfigurations = (
				A1BBA8DB2643ECC9009382AB /* Debug */,
				A1BBA8DC2643ECC9009382AB /* Release */,
			);
			defaultConfigurationIsVisible = 0;
			defaultConfigurationName = Release;
		};
/* End XCConfigurationList section */
	};
	rootObject = A1BBA8BE2643ECC8009382AB /* Project object */;
}
